{
  "lockfileVersion": 1,
  "configVersion": 1,
  "workspaces": {
    "": {
      "name": "@near-kit-tool-box/root",
      "devDependencies": {
        "@types/bun": "^1.3.13",
        "typescript": "^6.0.3",
      },
    },
    "packages/env": {
      "name": "@near-kit-tool-box/env",
      "version": "0.0.5",
      "dependencies": {
        "@sleet-js/ft-methods-const": "^0.0.7",
        "@sleet-js/ref-exchange-methods-const": "^0.0.7",
        "@sleet-js/wrap-near-contract-methods-const": "^0.0.7",
        "dotenv": "^17.4.2",
        "near-kit": "^0.13.1",
        "prettier": "^3.8.3",
        "zod": "^4.4.1",
      },
      "devDependencies": {
        "@types/bun": "^1.3.13",
      },
      "peerDependencies": {
        "typescript": "^6.0.3",
      },
    },
    "packages/fun": {
      "name": "@near-kit-tool-box/fun",
      "version": "0.0.5",
      "dependencies": {
        "@hot-labs/near-connect": "0.11.2",
        "@sleet-js/ft-methods-const": "^0.0.7",
        "@sleet-js/ref-exchange-methods-const": "^0.0.7",
        "@sleet-js/staking-pool-contract-methods-const": "^0.0.7",
        "@sleet-js/wrap-near-contract-methods-const": "^0.0.7",
        "near-kit": "^0.13.1",
        "prettier": "^3.8.3",
        "zod": "^4.4.1",
      },
      "devDependencies": {
        "@types/bun": "^1.3.13",
      },
      "peerDependencies": {
        "typescript": "^6.0.3",
      },
    },
    "packages/web": {
      "name": "@near-kit-tool-box/web",
      "version": "0.0.5",
      "dependencies": {
        "@hot-labs/near-connect": "0.11.2",
        "@sleet-js/ft-methods-const": "^0.0.7",
        "@sleet-js/ref-exchange-methods-const": "^0.0.7",
        "@sleet-js/wrap-near-contract-methods-const": "^0.0.7",
        "near-kit": "^0.13.1",
        "prettier": "^3.8.3",
        "zod": "^4.4.1",
      },
      "devDependencies": {
        "@types/bun": "^1.3.13",
      },
      "peerDependencies": {
        "typescript": "^6.0.3",
      },
    },
  },
  "packages": {
    "@hot-labs/near-connect": ["@hot-labs/near-connect@0.11.2", "", {}, "sha512-6Xl/mWyV55URpWx/yLLcEnP14UD2ZKv+YsyPpMzBFd4Gg4ACtyC1MplW59bBXzb0XLRKzut1Gq8XvkV9osy2zQ=="],

    "@isaacs/fs-minipass": ["@isaacs/fs-minipass@4.0.1", "", { "dependencies": { "minipass": "^7.0.4" } }, "sha512-wgm9Ehl2jpeqP3zw/7mo3kRHFp5MEDhqAdwy1fTGkHAwnkGOVsgpvQhL8B5n1qlb01jV3n/bI0ZfZp5lWA1k4w=="],

    "@napi-rs/keyring": ["@napi-rs/keyring@1.2.0", "", { "optionalDependencies": { "@napi-rs/keyring-darwin-arm64": "1.2.0", "@napi-rs/keyring-darwin-x64": "1.2.0", "@napi-rs/keyring-freebsd-x64": "1.2.0", "@napi-rs/keyring-linux-arm-gnueabihf": "1.2.0", "@napi-rs/keyring-linux-arm64-gnu": "1.2.0", "@napi-rs/keyring-linux-arm64-musl": "1.2.0", "@napi-rs/keyring-linux-riscv64-gnu": "1.2.0", "@napi-rs/keyring-linux-x64-gnu": "1.2.0", "@napi-rs/keyring-linux-x64-musl": "1.2.0", "@napi-rs/keyring-win32-arm64-msvc": "1.2.0", "@napi-rs/keyring-win32-ia32-msvc": "1.2.0", "@napi-rs/keyring-win32-x64-msvc": "1.2.0" } }, "sha512-d0d4Oyxm+v980PEq1ZH2PmS6cvpMIRc17eYpiU47KgW+lzxklMu6+HOEOPmxrpnF/XQZ0+Q78I2mgMhbIIo/dg=="],

    "@napi-rs/keyring-darwin-arm64": ["@napi-rs/keyring-darwin-arm64@1.2.0", "", { "os": "darwin", "cpu": "arm64" }, "sha512-CA83rDeyONDADO25JLZsh3eHY8yTEtm/RS6ecPsY+1v+dSawzT9GywBMu2r6uOp1IEhQs/xAfxgybGAFr17lSA=="],

    "@napi-rs/keyring-darwin-x64": ["@napi-rs/keyring-darwin-x64@1.2.0", "", { "os": "darwin", "cpu": "x64" }, "sha512-dBHjtKRCj4ByfnfqIKIJLo3wueQNJhLRyuxtX/rR4K/XtcS7VLlRD01XXizjpre54vpmObj63w+ZpHG+mGM8uA=="],

    "@napi-rs/keyring-freebsd-x64": ["@napi-rs/keyring-freebsd-x64@1.2.0", "", { "os": "freebsd", "cpu": "x64" }, "sha512-DPZFr11pNJSnaoh0dzSUNF+T6ORhy3CkzUT3uGixbA71cAOPJ24iG8e8QrLOkuC/StWrAku3gBnth2XMWOcR3Q=="],

    "@napi-rs/keyring-linux-arm-gnueabihf": ["@napi-rs/keyring-linux-arm-gnueabihf@1.2.0", "", { "os": "linux", "cpu": "arm" }, "sha512-8xv6DyEMlvRdqJzp4F39RLUmmTQsLcGYYv/3eIfZNZN1O5257tHxTrFYqAsny659rJJK2EKeSa7PhrSibQqRWQ=="],

    "@napi-rs/keyring-linux-arm64-gnu": ["@napi-rs/keyring-linux-arm64-gnu@1.2.0", "", { "os": "linux", "cpu": "arm64" }, "sha512-Pu2V6Py+PBt7inryEecirl+t+ti8bhZphjP+W68iVaXHUxLdWmkgL9KI1VkbRHbx5k8K5Tew9OP218YfmVguIA=="],

    "@napi-rs/keyring-linux-arm64-musl": ["@napi-rs/keyring-linux-arm64-musl@1.2.0", "", { "os": "linux", "cpu": "arm64" }, "sha512-8TDymrpC4P1a9iDEaegT7RnrkmrJN5eNZh3Im3UEV5PPYGtrb82CRxsuFohthCWQW81O483u1bu+25+XA4nKUw=="],

    "@napi-rs/keyring-linux-riscv64-gnu": ["@napi-rs/keyring-linux-riscv64-gnu@1.2.0", "", { "os": "linux", "cpu": "none" }, "sha512-awsB5XI1MYL7fwfjMDGmKOWvNgJEO7mM7iVEMS0fO39f0kVJnOSjlu7RHcXAF0LOx+0VfF3oxbWqJmZbvRCRHw=="],

    "@napi-rs/keyring-linux-x64-gnu": ["@napi-rs/keyring-linux-x64-gnu@1.2.0", "", { "os": "linux", "cpu": "x64" }, "sha512-8E+7z4tbxSJXxIBqA+vfB1CGajpCDRyTyqXkBig5NtASrv4YXcntSo96Iah2QDR5zD3dSTsmbqJudcj9rKKuHQ=="],

    "@napi-rs/keyring-linux-x64-musl": ["@napi-rs/keyring-linux-x64-musl@1.2.0", "", { "os": "linux", "cpu": "x64" }, "sha512-8RZ8yVEnmWr/3BxKgBSzmgntI7lNEsY7xouNfOsQkuVAiCNmxzJwETspzK3PQ2FHtDxgz5vHQDEBVGMyM4hUHA=="],

    "@napi-rs/keyring-win32-arm64-msvc": ["@napi-rs/keyring-win32-arm64-msvc@1.2.0", "", { "os": "win32", "cpu": "arm64" }, "sha512-AoqaDZpQ6KPE19VBLpxyORcp+yWmHI9Xs9Oo0PJ4mfHma4nFSLVdhAubJCxdlNptHe5va7ghGCHj3L9Akiv4cQ=="],

    "@napi-rs/keyring-win32-ia32-msvc": ["@napi-rs/keyring-win32-ia32-msvc@1.2.0", "", { "os": "win32", "cpu": "ia32" }, "sha512-EYL+EEI6bCsYi3LfwcQdnX3P/R76ENKNn+3PmpGheBsUFLuh0gQuP7aMVHM4rTw6UVe+L3vCLZSptq/oeacz0A=="],

    "@napi-rs/keyring-win32-x64-msvc": ["@napi-rs/keyring-win32-x64-msvc@1.2.0", "", { "os": "win32", "cpu": "x64" }, "sha512-xFlx/TsmqmCwNU9v+AVnEJgoEAlBYgzFF5Ihz1rMpPAt4qQWWkMd4sCyM1gMJ1A/GnRqRegDiQpwaxGUHFtFbA=="],

    "@near-kit-tool-box/env": ["@near-kit-tool-box/env@workspace:packages/env"],

    "@near-kit-tool-box/fun": ["@near-kit-tool-box/fun@workspace:packages/fun"],

    "@near-kit-tool-box/web": ["@near-kit-tool-box/web@workspace:packages/web"],

    "@noble/curves": ["@noble/curves@2.2.0", "", { "dependencies": { "@noble/hashes": "2.2.0" } }, "sha512-T/BoHgFXirb0ENSPBquzX0rcjXeM6Lo892a2jlYJkqk83LqZx0l1Of7DzlKJ6jkpvMrkHSnAcgb5JegL8SeIkQ=="],

    "@noble/hashes": ["@noble/hashes@2.0.1", "", {}, "sha512-XlOlEbQcE9fmuXxrVTXCTlG2nlRXa9Rj3rr5Ue/+tX+nmkgbX720YHh0VR3hBF9xDvwnb8D2shVGOwNx+ulArw=="],

    "@scure/base": ["@scure/base@2.2.0", "", {}, "sha512-b8XEupJibegiXV+tDUseI8oLQc8ei3d/4Jkb2RpbHh3MfE054ov3uIz2dhFkB3FI8iwYkEh0gGCApkrYggkPNg=="],

    "@scure/bip32": ["@scure/bip32@2.2.0", "", { "dependencies": { "@noble/curves": "2.2.0", "@noble/hashes": "2.2.0", "@scure/base": "2.2.0" } }, "sha512-zFr7t2F+a9+5tB7QbarF2HQNYrgjCNaoLAupZdKkrFMYMozJf5zqH2WJCQibMzm1qQ0QogrxVGO3qXfQDYMaQg=="],

    "@scure/bip39": ["@scure/bip39@2.2.0", "", { "dependencies": { "@noble/hashes": "2.2.0", "@scure/base": "2.2.0" } }, "sha512-T/Bj/YvYMNkIPq6EENO6/rcs2e7qTNuyoUXf0KBFDmp0ZDu0H2X4Lq6yC3i0c8PcWkov5EbW+yQZZbdMmk154A=="],

    "@sleet-js/ft-methods-const": ["@sleet-js/ft-methods-const@0.0.7", "", { "peerDependencies": { "typescript": "^6.0.2" } }, "sha512-IQ+2aHI35Cx/X+fxQY0jZUlnjQPnh354nx/+J4HgTPCa8ODOBGI2ZfdXI0KXKJEvg0zv5I52Oax179/yu+oLkQ=="],

    "@sleet-js/ref-exchange-methods-const": ["@sleet-js/ref-exchange-methods-const@0.0.7", "", { "peerDependencies": { "typescript": "^6.0.2" } }, "sha512-BnPJRP0k1jBUzDUJpCfdxiRNiWosEJE2pV0H0MBF1rDhZJwdGoBNC0fO6P7wLutd5Y1cXWcFkloCgY5XHJ+RKQ=="],

    "@sleet-js/staking-pool-contract-methods-const": ["@sleet-js/staking-pool-contract-methods-const@0.0.7", "", { "peerDependencies": { "typescript": "^6.0.2" } }, "sha512-r0gdbf0+DNC0Fhfj6qizp2u8wPruuN4HTicuKqpviNVjGv6faR1vAqIYWFg7ipymg7V1qM5pamVnEhd3DTD44w=="],

    "@sleet-js/wrap-near-contract-methods-const": ["@sleet-js/wrap-near-contract-methods-const@0.0.7", "", { "peerDependencies": { "typescript": "^6.0.2" } }, "sha512-xZrHke+9qkA17eYR5TBDy19rMMCmxMY91rkM2OtA4sB1LbMu1KXO/InQ1PTiVk6ie9m9SCXAwTdMjel0Z8EMjQ=="],

    "@types/bun": ["@types/bun@1.3.13", "", { "dependencies": { "bun-types": "1.3.13" } }, "sha512-9fqXWk5YIHGGnUau9TEi+qdlTYDAnOj+xLCmSTwXfAIqXr2x4tytJb43E9uCvt09zJURKXwAtkoH4nLQfzeTXw=="],

    "@types/node": ["@types/node@25.5.2", "", { "dependencies": { "undici-types": "~7.18.0" } }, "sha512-tO4ZIRKNC+MDWV4qKVZe3Ql/woTnmHDr5JD8UI5hn2pwBrHEwOEMZK7WlNb5RKB6EoJ02gwmQS9OrjuFnZYdpg=="],

    "@zorsh/zorsh": ["@zorsh/zorsh@0.5.0", "", {}, "sha512-aQ3jO0uoFfgPLkg68iP2nVzt9yFpBs/vrSiZ5G2TRmpNuhSW0lL1hMvszbalogf4JSuU7lcVFcPiiu/xC8/5AA=="],

    "bun-types": ["bun-types@1.3.13", "", { "dependencies": { "@types/node": "*" } }, "sha512-QXKeHLlOLqQX9LgYaHJfzdBaV21T63HhFJnvuRCcjZiaUDpbs5ED1MgxbMra71CsryN/1dAoXuJJJwIv/2drVA=="],

    "chownr": ["chownr@3.0.0", "", {}, "sha512-+IxzY9BZOQd/XuYPRmrvEVjF/nqj5kgT4kEq7VofrDoM1MxoRjEWkrCC3EtLi59TVawxTAn+orJwFQcrqEN1+g=="],

    "dotenv": ["dotenv@17.4.2", "", {}, "sha512-nI4U3TottKAcAD9LLud4Cb7b2QztQMUEfHbvhTH09bqXTxnSie8WnjPALV/WMCrJZ6UV/qHJ6L03OqO3LcdYZw=="],

    "minipass": ["minipass@7.1.3", "", {}, "sha512-tEBHqDnIoM/1rXME1zgka9g6Q2lcoCkxHLuc7ODJ5BxbP5d4c2Z5cGgtXAku59200Cx7diuHTOYfSBD8n6mm8A=="],

    "minizlib": ["minizlib@3.1.0", "", { "dependencies": { "minipass": "^7.1.2" } }, "sha512-KZxYo1BUkWD2TVFLr0MQoM8vUUigWD3LlD83a/75BqC+4qE0Hb1Vo5v1FgcfaNXvfXzr+5EhQ6ing/CaBijTlw=="],

    "near-kit": ["near-kit@0.13.1", "", { "dependencies": { "@napi-rs/keyring": "^1.2.0", "@noble/curves": "^2.2.0", "@noble/hashes": "^2.0.1", "@scure/base": "^2.2.0", "@scure/bip32": "^2.2.0", "@scure/bip39": "^2.2.0", "@zorsh/zorsh": "^0.5.0", "tar": "^7.5.13", "zod": "^4.3.6" }, "peerDependencies": { "@hot-labs/near-connect": ">=0.9.0", "@near-wallet-selector/core": ">=8.0.0" }, "optionalPeers": ["@hot-labs/near-connect", "@near-wallet-selector/core"] }, "sha512-PM2Ky3EIT4Zfe5ik4gOATYr6zDgT3X+mb0XQWckiVMBvXKPng8jpjU5lkyukUl+PJYeetlgajnGhALmGvvzcRQ=="],

    "prettier": ["prettier@3.8.3", "", { "bin": { "prettier": "bin/prettier.cjs" } }, "sha512-7igPTM53cGHMW8xWuVTydi2KO233VFiTNyF5hLJqpilHfmn8C8gPf+PS7dUT64YcXFbiMGZxS9pCSxL/Dxm/Jw=="],

    "tar": ["tar@7.5.13", "", { "dependencies": { "@isaacs/fs-minipass": "^4.0.0", "chownr": "^3.0.0", "minipass": "^7.1.2", "minizlib": "^3.1.0", "yallist": "^5.0.0" } }, "sha512-tOG/7GyXpFevhXVh8jOPJrmtRpOTsYqUIkVdVooZYJS/z8WhfQUX8RJILmeuJNinGAMSu1veBr4asSHFt5/hng=="],

    "typescript": ["typescript@6.0.3", "", { "bin": { "tsc": "bin/tsc", "tsserver": "bin/tsserver" } }, "sha512-y2TvuxSZPDyQakkFRPZHKFm+KKVqIisdg9/CZwm9ftvKXLP8NRWj38/ODjNbr43SsoXqNuAisEf1GdCxqWcdBw=="],

    "undici-types": ["undici-types@7.18.2", "", {}, "sha512-AsuCzffGHJybSaRrmr5eHr81mwJU3kjw6M+uprWvCXiNeN9SOGwQ3Jn8jb8m3Z6izVgknn1R0FTCEAP2QrLY/w=="],

    "yallist": ["yallist@5.0.0", "", {}, "sha512-YgvUTfwqyc7UXVMrB+SImsVYSmTS8X/tSrtdNZMImM+n7+QTriRXyXim0mBrTXNeqzVF0KWGgHPeiyViFFrNDw=="],

    "zod": ["zod@4.4.1", "", {}, "sha512-a6ENMBBGZBsnlSebQ/eKCguSBeGKSf4O7BPnqVPmYGtpBYI7VSqoVqw+QcB7kPRjbqPwhYTpFbVj/RqNz/CT0Q=="],

    "@noble/curves/@noble/hashes": ["@noble/hashes@2.2.0", "", {}, "sha512-IYqDGiTXab6FniAgnSdZwgWbomxpy9FtYvLKs7wCUs2a8RkITG+DFGO1DM9cr+E3/RgADRpFjrKVaJ1z6sjtEg=="],

    "@scure/bip32/@noble/hashes": ["@noble/hashes@2.2.0", "", {}, "sha512-IYqDGiTXab6FniAgnSdZwgWbomxpy9FtYvLKs7wCUs2a8RkITG+DFGO1DM9cr+E3/RgADRpFjrKVaJ1z6sjtEg=="],

    "@scure/bip39/@noble/hashes": ["@noble/hashes@2.2.0", "", {}, "sha512-IYqDGiTXab6FniAgnSdZwgWbomxpy9FtYvLKs7wCUs2a8RkITG+DFGO1DM9cr+E3/RgADRpFjrKVaJ1z6sjtEg=="],
  }
}
